{
    "_readme": [
        "This file locks the dependencies of your project to a known state",
        "Read more about it at http://getcomposer.org/doc/01-basic-usage.md#composer-lock-the-lock-file"
    ],
    "hash": "acad94a67f95241cd72c22637882b115",
    "packages": [
        {
            "name": "doctrine/common",
            "version": "2.3.0",
            "source": {
                "type": "git",
                "url": "https://github.com/doctrine/common",
                "reference": "2.3.0"
            },
            "dist": {
                "type": "zip",
                "url": "https://github.com/doctrine/common/zipball/2.3.0",
                "reference": "2.3.0",
                "shasum": ""
            },
            "require": {
                "php": ">=5.3.2"
            },
            "type": "library",
            "extra": {
                "branch-alias": {
                    "dev-master": "2.3.x-dev"
                }
            },
            "autoload": {
                "psr-0": {
                    "Doctrine\\Common": "lib/"
                }
            },
            "notification-url": "http://packagist.org/downloads/",
            "license": [
                "MIT"
            ],
            "authors": [
                {
                    "name": "Jonathan Wage",
                    "email": "jonwage@gmail.com",
                    "homepage": "http://www.jwage.com/"
                },
                {
                    "name": "Guilherme Blanco",
                    "email": "guilhermeblanco@gmail.com",
                    "homepage": "http://www.instaclick.com"
                },
                {
                    "name": "Roman Borschel",
                    "email": "roman@code-factory.org"
                },
                {
                    "name": "Benjamin Eberlei",
                    "email": "kontakt@beberlei.de"
                },
                {
                    "name": "Johannes Schmitt",
                    "email": "schmittjoh@gmail.com",
                    "homepage": "https://github.com/schmittjoh",
                    "role": "Developer of wrapped JMSSerializerBundle"
                }
            ],
            "description": "Common Library for Doctrine projects",
            "homepage": "http://www.doctrine-project.org",
            "keywords": [
                "annotations",
                "collections",
                "eventmanager",
                "persistence",
                "spl"
            ],
            "time": "2012-09-19 22:55:18"
        },
        {
            "name": "electrolinux/phpquery",
            "version": "0.9.6",
            "source": {
                "type": "git",
                "url": "https://github.com/electrolinux/phpquery.git",
                "reference": "0.9.6"
            },
            "dist": {
                "type": "zip",
                "url": "https://api.github.com/repos/electrolinux/phpquery/zipball/0.9.6",
                "reference": "0.9.6",
                "shasum": ""
            },
            "type": "library",
            "autoload": {
                "classmap": [
                    "phpQuery/"
                ]
            },
            "notification-url": "http://packagist.org/downloads/",
            "license": [
                "MIT"
            ],
            "authors": [
                {
                    "name": "Tobiasz Cudnik",
                    "email": "tobiasz.cudnik@gmail.com",
                    "homepage": "https://github.com/TobiaszCudnik",
                    "role": "Developer"
                },
                {
                    "name": "didier Belot",
                    "role": "Packager"
                }
            ],
            "description": "phpQuery is a server-side, chainable, CSS3 selector driven Document Object Model (DOM) API based on jQuery JavaScript Library",
            "homepage": "http://code.google.com/p/phpquery/",
            "time": "2013-03-21 12:39:33"
        },
        {
            "name": "hirudo/core",
            "version": "dev-master",
            "source": {
                "type": "git",
                "url": "https://github.com/JeyDotC/hirudo-core.git",
                "reference": "7bd9515b29824b574f268ead6e6cfbe72a06040a"
            },
            "dist": {
                "type": "zip",
                "url": "https://api.github.com/repos/JeyDotC/hirudo-core/zipball/7bd9515b29824b574f268ead6e6cfbe72a06040a",
                "reference": "7bd9515b29824b574f268ead6e6cfbe72a06040a",
                "shasum": ""
            },
            "require": {
                "doctrine/common": "2.3.0",
                "electrolinux/phpquery": "0.9.6",
                "php": ">=5.3.2",
                "symfony/class-loader": "2.2.0",
                "symfony/dependency-injection": "2.2.0",
                "symfony/event-dispatcher": "2.2.0",
                "symfony/yaml": "2.2.0"
            },
            "type": "library",
            "autoload": {
                "psr-0": {
                    "Hirudo\\Core": "src/",
                    "Hirudo\\Lang": "src/",
                    "Hirudo\\Serialization": "src/"
                }
            },
            "notification-url": "http://packagist.org/downloads/",
            "license": [
                "GNU-GPL"
            ],
            "authors": [
                {
                    "name": "Jeysson Jose Guevara Mendivil",
                    "email": "jeydotc@gmail.com"
                }
            ],
            "description": "Core classes of Hirudo",
            "homepage": "https://github.com/JeyDotC/Hirudo",
            "keywords": [
                "Hirudo",
                "core"
            ],
            "time": "2013-04-24 02:21:48"
        },
        {
            "name": "hirudo/for-moodle",
            "version": "dev-master",
            "source": {
                "type": "git",
                "url": "https://github.com/JeyDotC/hirudo-for-moodle.git",
                "reference": "0.1.0"
            },
            "dist": {
                "type": "zip",
                "url": "https://api.github.com/repos/JeyDotC/hirudo-for-moodle/zipball/0.1.0",
                "reference": "0.1.0",
                "shasum": ""
            },
            "type": "library",
            "autoload": {
                "psr-0": {
                    "Hirudo\\Impl\\Moodle": "src/"
                }
            },
            "notification-url": "http://packagist.org/downloads/",
            "license": [
                "GNU-GPL"
            ],
            "authors": [
                {
                    "name": "Jeysson Jose Guevara Mendivil",
                    "email": "jeydotc@gmail.com"
                }
            ],
            "description": "Moodle implementation of Hirudo",
            "homepage": "https://github.com/JeyDotC/Hirudo",
            "keywords": [
                "Hirudo",
                "implementation",
                "moodle"
            ],
            "time": "2013-04-27 23:05:50"
        },
        {
            "name": "hirudo/stand-alone",
            "version": "dev-master",
            "source": {
                "type": "git",
                "url": "https://github.com/JeyDotC/hirudo-stand-alone.git",
                "reference": "89160f169809b1781ca392fdcadf4ef2d5fc29de"
            },
            "dist": {
                "type": "zip",
                "url": "https://api.github.com/repos/JeyDotC/hirudo-stand-alone/zipball/89160f169809b1781ca392fdcadf4ef2d5fc29de",
                "reference": "89160f169809b1781ca392fdcadf4ef2d5fc29de",
                "shasum": ""
            },
            "type": "library",
            "autoload": {
                "psr-0": {
                    "Hirudo\\Impl\\StandAlone": "src/"
                }
            },
            "notification-url": "http://packagist.org/downloads/",
            "license": [
                "GNU-GPL"
            ],
            "authors": [
                {
                    "name": "Jeysson Jose Guevara Mendivil",
                    "email": "jeydotc@gmail.com"
                }
            ],
            "description": "Stand Alone implementation of Hirudo",
            "homepage": "https://github.com/JeyDotC/Hirudo",
            "keywords": [
                "Hirudo",
                "implementation"
            ],
            "time": "2013-04-24 02:21:41"
        },
        {
            "name": "hirudo/templating-smarty",
            "version": "dev-master",
            "source": {
                "type": "git",
                "url": "https://github.com/JeyDotC/hirudo-templating-smarty.git",
                "reference": "2a0fb2242de5f21c3494a176299794f2619d4bde"
            },
            "dist": {
                "type": "zip",
                "url": "https://api.github.com/repos/JeyDotC/hirudo-templating-smarty/zipball/2a0fb2242de5f21c3494a176299794f2619d4bde",
                "reference": "2a0fb2242de5f21c3494a176299794f2619d4bde",
                "shasum": ""
            },
            "require": {
                "smarty/smarty": "3.1.13"
            },
            "type": "library",
            "autoload": {
                "psr-0": {
                    "Hirudo\\Impl\\Templating\\Smarty": "src/"
                }
            },
            "notification-url": "http://packagist.org/downloads/",
            "license": [
                "GNU-GPL"
            ],
            "authors": [
                {
                    "name": "Jeysson Jose Guevara Mendivil",
                    "email": "jeydotc@gmail.com"
                }
            ],
            "description": "Smarty integration for Hirudo",
            "homepage": "https://github.com/JeyDotC/hirudo-templating-smarty",
            "keywords": [
                "Hirudo",
                "integration",
                "smarty"
            ],
            "time": "2013-04-24 02:21:32"
        },
        {
            "name": "smarty/smarty",
            "version": "v3.1.13",
            "source": {
                "type": "svn",
                "url": "http://smarty-php.googlecode.com/svn",
                "reference": "/tags/v3.1.13/@4699"
            },
            "require": {
                "php": ">=5.2"
            },
            "type": "library",
            "autoload": {
                "classmap": [
                    "distribution/libs/Smarty.class.php",
                    "distribution/libs/SmartyBC.class.php"
                ]
            },
            "notification-url": "http://packagist.org/downloads/",
            "license": [
                "LGPL-3.0"
            ],
            "authors": [
                {
                    "name": "Monte Ohrt",
                    "email": "monte@ohrt.com"
                },
                {
                    "name": "Uwe Tews",
                    "email": "uwe.tews@googlemail.com"
                },
                {
                    "name": "Rodney Rehm",
                    "email": "rodney.rehm@medialize.de"
                }
            ],
            "description": "Smarty - the compiling PHP template engine",
            "homepage": "http://www.smarty.net",
            "keywords": [
                "templating"
            ],
            "time": "2013-01-26 12:03:52"
        },
        {
            "name": "symfony/class-loader",
            "version": "v2.2.0",
            "target-dir": "Symfony/Component/ClassLoader",
            "source": {
                "type": "git",
                "url": "https://github.com/symfony/ClassLoader.git",
                "reference": "v2.2.0"
            },
            "dist": {
                "type": "zip",
                "url": "https://api.github.com/repos/symfony/ClassLoader/zipball/v2.2.0",
                "reference": "v2.2.0",
                "shasum": ""
            },
            "require": {
                "php": ">=5.3.3"
            },
            "require-dev": {
                "symfony/finder": ">=2.0,<3.0"
            },
            "type": "library",
            "extra": {
                "branch-alias": {
                    "dev-master": "2.2-dev"
                }
            },
            "autoload": {
                "psr-0": {
                    "Symfony\\Component\\ClassLoader\\": ""
                }
            },
            "notification-url": "http://packagist.org/downloads/",
            "license": [
                "MIT"
            ],
            "authors": [
                {
                    "name": "Fabien Potencier",
                    "email": "fabien@symfony.com"
                },
                {
                    "name": "Symfony Community",
                    "homepage": "http://symfony.com/contributors"
                }
            ],
            "description": "Symfony ClassLoader Component",
            "homepage": "http://symfony.com",
            "time": "2013-03-01 06:43:14"
        },
        {
            "name": "symfony/dependency-injection",
            "version": "v2.2.0",
            "target-dir": "Symfony/Component/DependencyInjection",
            "source": {
                "type": "git",
                "url": "https://github.com/symfony/DependencyInjection.git",
                "reference": "v2.2.0-RC3"
            },
            "dist": {
                "type": "zip",
                "url": "https://api.github.com/repos/symfony/DependencyInjection/zipball/v2.2.0-RC3",
                "reference": "v2.2.0-RC3",
                "shasum": ""
            },
            "require": {
                "php": ">=5.3.3"
            },
            "require-dev": {
                "symfony/config": ">=2.2,<2.3-dev",
                "symfony/yaml": ">=2.0,<3.0"
            },
            "suggest": {
                "symfony/config": "2.2.*",
                "symfony/yaml": "2.2.*"
            },
            "type": "library",
            "extra": {
                "branch-alias": {
                    "dev-master": "2.2-dev"
                }
            },
            "autoload": {
                "psr-0": {
                    "Symfony\\Component\\DependencyInjection\\": ""
                }
            },
            "notification-url": "http://packagist.org/downloads/",
            "license": [
                "MIT"
            ],
            "authors": [
                {
                    "name": "Fabien Potencier",
                    "email": "fabien@symfony.com"
                },
                {
                    "name": "Symfony Community",
                    "homepage": "http://symfony.com/contributors"
                }
            ],
            "description": "Symfony DependencyInjection Component",
            "homepage": "http://symfony.com",
            "time": "2013-02-11 11:43:49"
        },
        {
            "name": "symfony/event-dispatcher",
            "version": "v2.2.0",
            "target-dir": "Symfony/Component/EventDispatcher",
            "source": {
                "type": "git",
                "url": "https://github.com/symfony/EventDispatcher.git",
                "reference": "v2.2.0-RC3"
            },
            "dist": {
                "type": "zip",
                "url": "https://api.github.com/repos/symfony/EventDispatcher/zipball/v2.2.0-RC3",
                "reference": "v2.2.0-RC3",
                "shasum": ""
            },
            "require": {
                "php": ">=5.3.3"
            },
            "require-dev": {
                "symfony/dependency-injection": ">=2.0,<3.0"
            },
            "suggest": {
                "symfony/dependency-injection": "2.2.*",
                "symfony/http-kernel": "2.2.*"
            },
            "type": "library",
            "extra": {
                "branch-alias": {
                    "dev-master": "2.2-dev"
                }
            },
            "autoload": {
                "psr-0": {
                    "Symfony\\Component\\EventDispatcher\\": ""
                }
            },
            "notification-url": "http://packagist.org/downloads/",
            "license": [
                "MIT"
            ],
            "authors": [
                {
                    "name": "Fabien Potencier",
                    "email": "fabien@symfony.com"
                },
                {
                    "name": "Symfony Community",
                    "homepage": "http://symfony.com/contributors"
                }
            ],
            "description": "Symfony EventDispatcher Component",
            "homepage": "http://symfony.com",
            "time": "2013-02-11 11:26:43"
        },
        {
            "name": "symfony/yaml",
            "version": "v2.2.0",
            "target-dir": "Symfony/Component/Yaml",
            "source": {
                "type": "git",
                "url": "https://github.com/symfony/Yaml.git",
                "reference": "v2.2.0-RC3"
            },
            "dist": {
                "type": "zip",
                "url": "https://api.github.com/repos/symfony/Yaml/zipball/v2.2.0-RC3",
                "reference": "v2.2.0-RC3",
                "shasum": ""
            },
            "require": {
                "php": ">=5.3.3"
            },
            "type": "library",
            "extra": {
                "branch-alias": {
                    "dev-master": "2.2-dev"
                }
            },
            "autoload": {
                "psr-0": {
                    "Symfony\\Component\\Yaml\\": ""
                }
            },
            "notification-url": "http://packagist.org/downloads/",
            "license": [
                "MIT"
            ],
            "authors": [
                {
                    "name": "Fabien Potencier",
                    "email": "fabien@symfony.com"
                },
                {
                    "name": "Symfony Community",
                    "homepage": "http://symfony.com/contributors"
                }
            ],
            "description": "Symfony Yaml Component",
            "homepage": "http://symfony.com",
            "time": "2013-01-27 16:49:19"
        }
    ],
    "packages-dev": [

    ],
    "aliases": [

    ],
    "minimum-stability": "dev",
    "stability-flags": [

    ],
    "platform": [

    ],
    "platform-dev": [

    ]
}
